
Microsoft Visual Studio Solution File, Format Version 12.00
# Visual Studio Version 17
VisualStudioVersion = 17.0.31903.59
MinimumVisualStudioVersion = 10.0.40219.1
Project("{2150E333-8FDC-42A3-9474-1A3956D46DE8}") = "src", "src", "{827E0CD3-B72D-47B6-A68D-7590B98EB39B}"
EndProject
Project("{FAE04EC0-301F-11D3-BF4B-00C04F79EFBC}") = "StoreIt.Api", "src\StoreIt.Api\StoreIt.Api.csproj", "{1D986161-BF01-4DF4-83AB-E7AE5BF67150}"
EndProject
Project("{FAE04EC0-301F-11D3-BF4B-00C04F79EFBC}") = "StoreIt.Application", "src\StoreIt.Application\StoreIt.Application.csproj", "{62DB1539-E2FB-4E26-B750-5F5869FAA036}"
EndProject
Project("{FAE04EC0-301F-11D3-BF4B-00C04F79EFBC}") = "StoreIt.Domain", "src\StoreIt.Domain\StoreIt.Domain.csproj", "{3D139DB4-CB45-4536-A935-6391AC283EF4}"
EndProject
Project("{FAE04EC0-301F-11D3-BF4B-00C04F79EFBC}") = "StoreIt.Infrastructure", "src\StoreIt.Infrastructure\StoreIt.Infrastructure.csproj", "{016EA8F4-A529-4568-B2E7-348128C19A12}"
EndProject
Project("{FAE04EC0-301F-11D3-BF4B-00C04F79EFBC}") = "StoreIt.Architecture.Tests", "tests\StoreIt.Architecture.Tests\StoreIt.Architecture.Tests.csproj", "{635A10FF-EF48-4B2A-9824-23D91571C09A}"
EndProject
Project("{FAE04EC0-301F-11D3-BF4B-00C04F79EFBC}") = "StoreIt.Domain.Tests", "tests\StoreIt.Domain.Tests\StoreIt.Domain.Tests.csproj", "{BC89BF05-40D8-4D82-A247-CEC004650D6D}"
EndProject
Global
	GlobalSection(SolutionConfigurationPlatforms) = preSolution
		Debug|Any CPU = Debug|Any CPU
		Debug|x64 = Debug|x64
		Debug|x86 = Debug|x86
		Release|Any CPU = Release|Any CPU
		Release|x64 = Release|x64
		Release|x86 = Release|x86
	EndGlobalSection
	GlobalSection(ProjectConfigurationPlatforms) = postSolution
		{1D986161-BF01-4DF4-83AB-E7AE5BF67150}.Debug|Any CPU.ActiveCfg = Debug|Any CPU
		{1D986161-BF01-4DF4-83AB-E7AE5BF67150}.Debug|Any CPU.Build.0 = Debug|Any CPU
		{1D986161-BF01-4DF4-83AB-E7AE5BF67150}.Debug|x64.ActiveCfg = Debug|Any CPU
		{1D986161-BF01-4DF4-83AB-E7AE5BF67150}.Debug|x64.Build.0 = Debug|Any CPU
		{1D986161-BF01-4DF4-83AB-E7AE5BF67150}.Debug|x86.ActiveCfg = Debug|Any CPU
		{1D986161-BF01-4DF4-83AB-E7AE5BF67150}.Debug|x86.Build.0 = Debug|Any CPU
		{1D986161-BF01-4DF4-83AB-E7AE5BF67150}.Release|Any CPU.ActiveCfg = Release|Any CPU
		{1D986161-BF01-4DF4-83AB-E7AE5BF67150}.Release|Any CPU.Build.0 = Release|Any CPU
		{1D986161-BF01-4DF4-83AB-E7AE5BF67150}.Release|x64.ActiveCfg = Release|Any CPU
		{1D986161-BF01-4DF4-83AB-E7AE5BF67150}.Release|x64.Build.0 = Release|Any CPU
		{1D986161-BF01-4DF4-83AB-E7AE5BF67150}.Release|x86.ActiveCfg = Release|Any CPU
		{1D986161-BF01-4DF4-83AB-E7AE5BF67150}.Release|x86.Build.0 = Release|Any CPU
		{62DB1539-E2FB-4E26-B750-5F5869FAA036}.Debug|Any CPU.ActiveCfg = Debug|Any CPU
		{62DB1539-E2FB-4E26-B750-5F5869FAA036}.Debug|Any CPU.Build.0 = Debug|Any CPU
		{62DB1539-E2FB-4E26-B750-5F5869FAA036}.Debug|x64.ActiveCfg = Debug|Any CPU
		{62DB1539-E2FB-4E26-B750-5F5869FAA036}.Debug|x64.Build.0 = Debug|Any CPU
		{62DB1539-E2FB-4E26-B750-5F5869FAA036}.Debug|x86.ActiveCfg = Debug|Any CPU
		{62DB1539-E2FB-4E26-B750-5F5869FAA036}.Debug|x86.Build.0 = Debug|Any CPU
		{62DB1539-E2FB-4E26-B750-5F5869FAA036}.Release|Any CPU.ActiveCfg = Release|Any CPU
		{62DB1539-E2FB-4E26-B750-5F5869FAA036}.Release|Any CPU.Build.0 = Release|Any CPU
		{62DB1539-E2FB-4E26-B750-5F5869FAA036}.Release|x64.ActiveCfg = Release|Any CPU
		{62DB1539-E2FB-4E26-B750-5F5869FAA036}.Release|x64.Build.0 = Release|Any CPU
		{62DB1539-E2FB-4E26-B750-5F5869FAA036}.Release|x86.ActiveCfg = Release|Any CPU
		{62DB1539-E2FB-4E26-B750-5F5869FAA036}.Release|x86.Build.0 = Release|Any CPU
		{3D139DB4-CB45-4536-A935-6391AC283EF4}.Debug|Any CPU.ActiveCfg = Debug|Any CPU
		{3D139DB4-CB45-4536-A935-6391AC283EF4}.Debug|Any CPU.Build.0 = Debug|Any CPU
		{3D139DB4-CB45-4536-A935-6391AC283EF4}.Debug|x64.ActiveCfg = Debug|Any CPU
		{3D139DB4-CB45-4536-A935-6391AC283EF4}.Debug|x64.Build.0 = Debug|Any CPU
		{3D139DB4-CB45-4536-A935-6391AC283EF4}.Debug|x86.ActiveCfg = Debug|Any CPU
		{3D139DB4-CB45-4536-A935-6391AC283EF4}.Debug|x86.Build.0 = Debug|Any CPU
		{3D139DB4-CB45-4536-A935-6391AC283EF4}.Release|Any CPU.ActiveCfg = Release|Any CPU
		{3D139DB4-CB45-4536-A935-6391AC283EF4}.Release|Any CPU.Build.0 = Release|Any CPU
		{3D139DB4-CB45-4536-A935-6391AC283EF4}.Release|x64.ActiveCfg = Release|Any CPU
		{3D139DB4-CB45-4536-A935-6391AC283EF4}.Release|x64.Build.0 = Release|Any CPU
		{3D139DB4-CB45-4536-A935-6391AC283EF4}.Release|x86.ActiveCfg = Release|Any CPU
		{3D139DB4-CB45-4536-A935-6391AC283EF4}.Release|x86.Build.0 = Release|Any CPU
		{016EA8F4-A529-4568-B2E7-348128C19A12}.Debug|Any CPU.ActiveCfg = Debug|Any CPU
		{016EA8F4-A529-4568-B2E7-348128C19A12}.Debug|Any CPU.Build.0 = Debug|Any CPU
		{016EA8F4-A529-4568-B2E7-348128C19A12}.Debug|x64.ActiveCfg = Debug|Any CPU
		{016EA8F4-A529-4568-B2E7-348128C19A12}.Debug|x64.Build.0 = Debug|Any CPU
		{016EA8F4-A529-4568-B2E7-348128C19A12}.Debug|x86.ActiveCfg = Debug|Any CPU
		{016EA8F4-A529-4568-B2E7-348128C19A12}.Debug|x86.Build.0 = Debug|Any CPU
		{016EA8F4-A529-4568-B2E7-348128C19A12}.Release|Any CPU.ActiveCfg = Release|Any CPU
		{016EA8F4-A529-4568-B2E7-348128C19A12}.Release|Any CPU.Build.0 = Release|Any CPU
		{016EA8F4-A529-4568-B2E7-348128C19A12}.Release|x64.ActiveCfg = Release|Any CPU
		{016EA8F4-A529-4568-B2E7-348128C19A12}.Release|x64.Build.0 = Release|Any CPU
		{016EA8F4-A529-4568-B2E7-348128C19A12}.Release|x86.ActiveCfg = Release|Any CPU
		{016EA8F4-A529-4568-B2E7-348128C19A12}.Release|x86.Build.0 = Release|Any CPU
		{635A10FF-EF48-4B2A-9824-23D91571C09A}.Debug|Any CPU.ActiveCfg = Debug|Any CPU
		{635A10FF-EF48-4B2A-9824-23D91571C09A}.Debug|Any CPU.Build.0 = Debug|Any CPU
		{635A10FF-EF48-4B2A-9824-23D91571C09A}.Debug|x64.ActiveCfg = Debug|Any CPU
		{635A10FF-EF48-4B2A-9824-23D91571C09A}.Debug|x64.Build.0 = Debug|Any CPU
		{635A10FF-EF48-4B2A-9824-23D91571C09A}.Debug|x86.ActiveCfg = Debug|Any CPU
		{635A10FF-EF48-4B2A-9824-23D91571C09A}.Debug|x86.Build.0 = Debug|Any CPU
		{635A10FF-EF48-4B2A-9824-23D91571C09A}.Release|Any CPU.ActiveCfg = Release|Any CPU
		{635A10FF-EF48-4B2A-9824-23D91571C09A}.Release|Any CPU.Build.0 = Release|Any CPU
		{635A10FF-EF48-4B2A-9824-23D91571C09A}.Release|x64.ActiveCfg = Release|Any CPU
		{635A10FF-EF48-4B2A-9824-23D91571C09A}.Release|x64.Build.0 = Release|Any CPU
		{635A10FF-EF48-4B2A-9824-23D91571C09A}.Release|x86.ActiveCfg = Release|Any CPU
		{635A10FF-EF48-4B2A-9824-23D91571C09A}.Release|x86.Build.0 = Release|Any CPU
		{BC89BF05-40D8-4D82-A247-CEC004650D6D}.Debug|Any CPU.ActiveCfg = Debug|Any CPU
		{BC89BF05-40D8-4D82-A247-CEC004650D6D}.Debug|Any CPU.Build.0 = Debug|Any CPU
		{BC89BF05-40D8-4D82-A247-CEC004650D6D}.Debug|x64.ActiveCfg = Debug|Any CPU
		{BC89BF05-40D8-4D82-A247-CEC004650D6D}.Debug|x64.Build.0 = Debug|Any CPU
		{BC89BF05-40D8-4D82-A247-CEC004650D6D}.Debug|x86.ActiveCfg = Debug|Any CPU
		{BC89BF05-40D8-4D82-A247-CEC004650D6D}.Debug|x86.Build.0 = Debug|Any CPU
		{BC89BF05-40D8-4D82-A247-CEC004650D6D}.Release|Any CPU.ActiveCfg = Release|Any CPU
		{BC89BF05-40D8-4D82-A247-CEC004650D6D}.Release|Any CPU.Build.0 = Release|Any CPU
		{BC89BF05-40D8-4D82-A247-CEC004650D6D}.Release|x64.ActiveCfg = Release|Any CPU
		{BC89BF05-40D8-4D82-A247-CEC004650D6D}.Release|x64.Build.0 = Release|Any CPU
		{BC89BF05-40D8-4D82-A247-CEC004650D6D}.Release|x86.ActiveCfg = Release|Any CPU
		{BC89BF05-40D8-4D82-A247-CEC004650D6D}.Release|x86.Build.0 = Release|Any CPU
	EndGlobalSection
	GlobalSection(SolutionProperties) = preSolution
		HideSolutionNode = FALSE
	EndGlobalSection
	GlobalSection(NestedProjects) = preSolution
		{1D986161-BF01-4DF4-83AB-E7AE5BF67150} = {827E0CD3-B72D-47B6-A68D-7590B98EB39B}
		{62DB1539-E2FB-4E26-B750-5F5869FAA036} = {827E0CD3-B72D-47B6-A68D-7590B98EB39B}
		{3D139DB4-CB45-4536-A935-6391AC283EF4} = {827E0CD3-B72D-47B6-A68D-7590B98EB39B}
		{016EA8F4-A529-4568-B2E7-348128C19A12} = {827E0CD3-B72D-47B6-A68D-7590B98EB39B}
		{635A10FF-EF48-4B2A-9824-23D91571C09A} = {827E0CD3-B72D-47B6-A68D-7590B98EB39B}
		{BC89BF05-40D8-4D82-A247-CEC004650D6D} = {827E0CD3-B72D-47B6-A68D-7590B98EB39B}
	EndGlobalSection
EndGlobal
